
Microsoft Visual Studio Solution File, Format Version 12.00
# Visual Studio 15
VisualStudioVersion = 15.0.26430.15
MinimumVisualStudioVersion = 10.0.40219.1
Project("{FAE04EC0-301F-11D3-BF4B-00C04F79EFBC}") = "CipherStream", "CipherStream\CipherStream.csproj", "{A485BB12-0386-444A-8B91-D047E2BF7848}"
EndProject
Global
	GlobalSection(SolutionConfigurationPlatforms) = preSolution
		Debug|Any CPU = Debug|Any CPU
		Release|Any CPU = Release|Any CPU
	EndGlobalSection
	GlobalSection(ProjectConfigurationPlatforms) = postSolution
		{A485BB12-0386-444A-8B91-D047E2BF7848}.Debug|Any CPU.ActiveCfg = Debug|Any CPU
		{A485BB12-0386-444A-8B91-D047E2BF7848}.Debug|Any CPU.Build.0 = Debug|Any CPU
		{A485BB12-0386-444A-8B91-D047E2BF7848}.Release|Any CPU.ActiveCfg = Release|Any CPU
		{A485BB12-0386-444A-8B91-D047E2BF7848}.Release|Any CPU.Build.0 = Release|Any CPU
	EndGlobalSection
	GlobalSection(SolutionProperties) = preSolution
		HideSolutionNode = FALSE
	EndGlobalSection
EndGlobal
